# This file is automatically @generated by Cargo.
# It is not intended for manual editing.
version = 3

[[package]]
name = "backtracking_finding_subset"
version = "0.1.0"

[[package]]
name = "backtracking_permutation"
version = "0.1.0"

[[package]]
name = "check_if_array_is_sorted"
version = "0.1.0"

[[package]]
name = "factorial"
version = "0.1.0"

[[package]]
name = "fibonacci"
version = "0.1.0"

[[package]]
name = "subset_duo_number"
version = "0.1.0"

[[package]]
name = "tiling_problem"
version = "0.1.0"

[[package]]
name = "tower_of_hanoi"
version = "0.1.0"
